
Microsoft Visual Studio Solution File, Format Version 12.00
# Visual Studio Version 16
VisualStudioVersion = 16.0.31624.102
MinimumVisualStudioVersion = 10.0.40219.1
Project("{8BC9CEB8-8B4A-11D0-8D11-00A0C91BC942}") = "HalfQSort", "HalfQSort.vcxproj", "{149F15EC-3DF4-43E4-87D6-6A0FD2DF152C}"
EndProject
Global
	GlobalSection(SolutionConfigurationPlatforms) = preSolution
		Debug|x64 = Debug|x64
		Debug|x86 = Debug|x86
		Release|x64 = Release|x64
		Release|x86 = Release|x86
	EndGlobalSection
	GlobalSection(ProjectConfigurationPlatforms) = postSolution
		{149F15EC-3DF4-43E4-87D6-6A0FD2DF152C}.Debug|x64.ActiveCfg = Debug|x64
		{149F15EC-3DF4-43E4-87D6-6A0FD2DF152C}.Debug|x64.Build.0 = Debug|x64
		{149F15EC-3DF4-43E4-87D6-6A0FD2DF152C}.Debug|x86.ActiveCfg = Debug|Win32
		{149F15EC-3DF4-43E4-87D6-6A0FD2DF152C}.Debug|x86.Build.0 = Debug|Win32
		{149F15EC-3DF4-43E4-87D6-6A0FD2DF152C}.Release|x64.ActiveCfg = Release|x64
		{149F15EC-3DF4-43E4-87D6-6A0FD2DF152C}.Release|x64.Build.0 = Release|x64
		{149F15EC-3DF4-43E4-87D6-6A0FD2DF152C}.Release|x86.ActiveCfg = Release|Win32
		{149F15EC-3DF4-43E4-87D6-6A0FD2DF152C}.Release|x86.Build.0 = Release|Win32
	EndGlobalSection
	GlobalSection(SolutionProperties) = preSolution
		HideSolutionNode = FALSE
	EndGlobalSection
	GlobalSection(ExtensibilityGlobals) = postSolution
		SolutionGuid = {4821CE56-EABD-4145-A2B3-D2349D2D631C}
	EndGlobalSection
EndGlobal
