
Microsoft Visual Studio Solution File, Format Version 12.00
# Visual Studio Version 16
VisualStudioVersion = 16.0.31624.102
MinimumVisualStudioVersion = 10.0.40219.1
Project("{8BC9CEB8-8B4A-11D0-8D11-00A0C91BC942}") = "ThirdTask", "ThirdTask.vcxproj", "{B697886F-4B46-4E84-8FB4-8C16A57717EC}"
EndProject
Global
	GlobalSection(SolutionConfigurationPlatforms) = preSolution
		Debug|x64 = Debug|x64
		Debug|x86 = Debug|x86
		Release|x64 = Release|x64
		Release|x86 = Release|x86
	EndGlobalSection
	GlobalSection(ProjectConfigurationPlatforms) = postSolution
		{B697886F-4B46-4E84-8FB4-8C16A57717EC}.Debug|x64.ActiveCfg = Debug|x64
		{B697886F-4B46-4E84-8FB4-8C16A57717EC}.Debug|x64.Build.0 = Debug|x64
		{B697886F-4B46-4E84-8FB4-8C16A57717EC}.Debug|x86.ActiveCfg = Debug|Win32
		{B697886F-4B46-4E84-8FB4-8C16A57717EC}.Debug|x86.Build.0 = Debug|Win32
		{B697886F-4B46-4E84-8FB4-8C16A57717EC}.Release|x64.ActiveCfg = Release|x64
		{B697886F-4B46-4E84-8FB4-8C16A57717EC}.Release|x64.Build.0 = Release|x64
		{B697886F-4B46-4E84-8FB4-8C16A57717EC}.Release|x86.ActiveCfg = Release|Win32
		{B697886F-4B46-4E84-8FB4-8C16A57717EC}.Release|x86.Build.0 = Release|Win32
	EndGlobalSection
	GlobalSection(SolutionProperties) = preSolution
		HideSolutionNode = FALSE
	EndGlobalSection
	GlobalSection(ExtensibilityGlobals) = postSolution
		SolutionGuid = {88F8D9B9-4C77-4D63-8519-0CA2A8DF8A53}
	EndGlobalSection
EndGlobal
